{
  "version": 4,
  "terraform_version": "1.14.7",
  "serial": 278,
  "lineage": "56bf26bd-bc7c-8ef5-bb03-67e4045305ef",
  "outputs": {
    "application_urls": {
      "value": {
        "coppermine": "http://localhost:8084",
        "filerun": "http://localhost:8082",
        "hmailserver": "http://localhost:8087",
        "mailcow": "http://localhost:8088",
        "mailhog": "http://localhost:8025",
        "nextcloud": "http://localhost:8080",
        "nginx": "http://localhost:8083",
        "owncloud": "http://localhost:8081",
        "piwigo": "http://localhost:8086",
        "pydio": "http://localhost:8089",
        "seafile": "http://localhost:8000",
        "zenphoto": "http://localhost:8085"
      },
      "type": [
        "object",
        {
          "coppermine": "string",
          "filerun": "string",
          "hmailserver": "string",
          "mailcow": "string",
          "mailhog": "string",
          "nextcloud": "string",
          "nginx": "string",
          "owncloud": "string",
          "piwigo": "string",
          "pydio": "string",
          "seafile": "string",
          "zenphoto": "string"
        }
      ]
    },
    "target_vm_ips": {
      "value": [
        "172.19.0.19",
        "172.19.0.17",
        "172.19.0.15",
        "172.19.0.12",
        "172.19.0.20",
        "172.19.0.5",
        "172.19.0.22",
        "172.19.0.3",
        "172.19.0.2",
        "172.19.0.18"
      ],
      "type": [
        "tuple",
        [
          "string",
          "string",
          "string",
          "string",
          "string",
          "string",
          "string",
          "string",
          "string",
          "string"
        ]
      ]
    }
  },
  "resources": [
    {
      "mode": "managed",
      "type": "docker_container",
      "name": "mysql",
      "provider": "provider[\"registry.terraform.io/kreuzwerker/docker\"]",
      "instances": [
        {
          "schema_version": 2,
          "attributes": {
            "attach": false,
            "bridge": "",
            "capabilities": [],
            "cgroup_parent": null,
            "cgroupns_mode": null,
            "command": [
              "--default-authentication-plugin=mysql_native_password",
              "--character-set-server=utf8",
              "--collation-server=utf8_general_ci",
              "--sql-mode="
            ],
            "container_logs": null,
            "container_read_refresh_timeout_milliseconds": 15000,
            "cpu_period": null,
            "cpu_quota": null,
            "cpu_set": "",
            "cpu_shares": 0,
            "cpus": null,
            "destroy_grace_seconds": null,
            "devices": [],
            "dns": null,
            "dns_opts": null,
            "dns_search": null,
            "domainname": "",
            "entrypoint": [
              "docker-entrypoint.sh"
            ],
            "env": [
              "MYSQL_DATABASE=lab_db",
              "MYSQL_PASSWORD=admin2024",
              "MYSQL_ROOT_PASSWORD=admin2024",
              "MYSQL_USER=admin"
            ],
            "exit_code": null,
            "gpus": null,
            "group_add": null,
            "healthcheck": null,
            "host": [],
            "hostname": "77bcbbb41b0d",
            "id": "77bcbbb41b0d86c310b02231941bb3e5d23b6c56a673f2f9b7a81094cf3dca9a",
            "image": "mysql:8.0",
            "init": false,
            "ipc_mode": "private",
            "labels": [],
            "log_driver": "json-file",
            "log_opts": null,
            "logs": false,
            "max_retry_count": 0,
            "memory": 0,
            "memory_swap": 0,
            "mounts": [],
            "must_run": true,
            "name": "mysql-server",
            "network_data": [
              {
                "gateway": "172.19.0.1",
                "global_ipv6_address": "",
                "global_ipv6_prefix_length": 0,
                "ip_address": "172.19.0.4",
                "ip_prefix_length": 16,
                "ipv6_gateway": "",
                "mac_address": "26:20:13:0f:c6:70",
                "network_name": "lab_internal"
              }
            ],
            "network_mode": "bridge",
            "networks_advanced": [
              {
                "aliases": [],
                "ipv4_address": "",
                "ipv6_address": "",
                "name": "lab_internal"
              }
            ],
            "pid_mode": "",
            "ports": [
              {
                "external": 3306,
                "internal": 3306,
                "ip": "0.0.0.0",
                "protocol": "tcp"
              }
            ],
            "privileged": false,
            "publish_all_ports": false,
            "read_only": false,
            "remove_volumes": true,
            "restart": "always",
            "rm": false,
            "runtime": "runc",
            "security_opts": [],
            "shm_size": 64,
            "start": true,
            "stdin_open": false,
            "stop_signal": "",
            "stop_timeout": 1,
            "storage_opts": null,
            "sysctls": null,
            "tmpfs": null,
            "tty": false,
            "ulimit": [],
            "upload": [],
            "user": "",
            "userns_mode": "",
            "volumes": [
              {
                "container_path": "/docker-entrypoint-initdb.d/init.sql",
                "from_container": "",
                "host_path": "C:/Users/abhir/Desktop/PROGRAMMING/Terraform/init.sql",
                "read_only": null,
                "volume_name": ""
              }
            ],
            "wait": false,
            "wait_timeout": 60,
            "working_dir": "/"
          },
          "sensitive_attributes": [
            [
              {
                "type": "get_attr",
                "value": "env"
              }
            ]
          ],
          "identity_schema_version": 0,
          "private": "eyJzY2hlbWFfdmVyc2lvbiI6IjIifQ==",
          "dependencies": [
            "docker_network.lab_internal"
          ]
        }
      ]
    },
    {
      "mode": "managed",
      "type": "docker_container",
      "name": "redis",
      "provider": "provider[\"registry.terraform.io/kreuzwerker/docker\"]",
      "instances": [
        {
          "schema_version": 2,
          "attributes": {
            "attach": false,
            "bridge": "",
            "capabilities": [],
            "cgroup_parent": null,
            "cgroupns_mode": null,
            "command": [
              "redis-server"
            ],
            "container_logs": null,
            "container_read_refresh_timeout_milliseconds": 15000,
            "cpu_period": null,
            "cpu_quota": null,
            "cpu_set": "",
            "cpu_shares": 0,
            "cpus": null,
            "destroy_grace_seconds": null,
            "devices": [],
            "dns": [],
            "dns_opts": [],
            "dns_search": [],
            "domainname": "",
            "entrypoint": [
              "docker-entrypoint.sh"
            ],
            "env": [],
            "exit_code": null,
            "gpus": null,
            "group_add": [],
            "healthcheck": [],
            "host": [],
            "hostname": "a05c92a754d7",
            "id": "a05c92a754d7b9152c4889a84539b98db3cf65d50fe0243455ad44482efb1649",
            "image": "redis:7-alpine",
            "init": false,
            "ipc_mode": "private",
            "labels": [],
            "log_driver": "json-file",
            "log_opts": {},
            "logs": false,
            "max_retry_count": 0,
            "memory": 0,
            "memory_swap": 0,
            "mounts": [],
            "must_run": true,
            "name": "redis-mailcow",
            "network_data": [
              {
                "gateway": "172.19.0.1",
                "global_ipv6_address": "",
                "global_ipv6_prefix_length": 0,
                "ip_address": "172.19.0.13",
                "ip_prefix_length": 16,
                "ipv6_gateway": "",
                "mac_address": "be:3e:fb:07:2e:30",
                "network_name": "lab_internal"
              }
            ],
            "network_mode": "bridge",
            "networks_advanced": [
              {
                "aliases": [],
                "ipv4_address": "",
                "ipv6_address": "",
                "name": "lab_internal"
              }
            ],
            "pid_mode": "",
            "ports": [],
            "privileged": false,
            "publish_all_ports": false,
            "read_only": false,
            "remove_volumes": true,
            "restart": "always",
            "rm": false,
            "runtime": "runc",
            "security_opts": [],
            "shm_size": 64,
            "start": true,
            "stdin_open": false,
            "stop_signal": "",
            "stop_timeout": 1,
            "storage_opts": {},
            "sysctls": {},
            "tmpfs": {},
            "tty": false,
            "ulimit": [],
            "upload": [],
            "user": "",
            "userns_mode": "",
            "volumes": [],
            "wait": false,
            "wait_timeout": 60,
            "working_dir": "/data"
          },
          "sensitive_attributes": [],
          "identity_schema_version": 0,
          "private": "eyJzY2hlbWFfdmVyc2lvbiI6IjIifQ==",
          "dependencies": [
            "docker_network.lab_internal"
          ]
        }
      ]
    },
    {
      "mode": "managed",
      "type": "docker_container",
      "name": "target_vms",
      "provider": "provider[\"registry.terraform.io/kreuzwerker/docker\"]",
      "instances": [
        {
          "index_key": 0,
          "schema_version": 2,
          "attributes": {
            "attach": false,
            "bridge": "",
            "capabilities": [],
            "cgroup_parent": null,
            "cgroupns_mode": null,
            "command": [
              "tail",
              "-f",
              "/dev/null"
            ],
            "container_logs": null,
            "container_read_refresh_timeout_milliseconds": 15000,
            "cpu_period": null,
            "cpu_quota": null,
            "cpu_set": "",
            "cpu_shares": 0,
            "cpus": null,
            "destroy_grace_seconds": null,
            "devices": [],
            "dns": [],
            "dns_opts": [],
            "dns_search": [],
            "domainname": "",
            "entrypoint": [],
            "env": [],
            "exit_code": null,
            "gpus": null,
            "group_add": [],
            "healthcheck": [],
            "host": [],
            "hostname": "7064ea24ea2d",
            "id": "7064ea24ea2dc4c9d3d9e4c2cbaa966d5c8b9efecb34a2f936325980af07f2a8",
            "image": "ubuntu:latest",
            "init": false,
            "ipc_mode": "private",
            "labels": [],
            "log_driver": "json-file",
            "log_opts": {},
            "logs": false,
            "max_retry_count": 0,
            "memory": 0,
            "memory_swap": 0,
            "mounts": [],
            "must_run": true,
            "name": "target-vm-1",
            "network_data": [
              {
                "gateway": "172.19.0.1",
                "global_ipv6_address": "",
                "global_ipv6_prefix_length": 0,
                "ip_address": "172.19.0.19",
                "ip_prefix_length": 16,
                "ipv6_gateway": "",
                "mac_address": "e6:96:b0:da:7f:d4",
                "network_name": "lab_internal"
              }
            ],
            "network_mode": "bridge",
            "networks_advanced": [
              {
                "aliases": [],
                "ipv4_address": "",
                "ipv6_address": "",
                "name": "lab_internal"
              }
            ],
            "pid_mode": "",
            "ports": [],
            "privileged": false,
            "publish_all_ports": false,
            "read_only": false,
            "remove_volumes": true,
            "restart": "no",
            "rm": false,
            "runtime": "runc",
            "security_opts": [],
            "shm_size": 64,
            "start": true,
            "stdin_open": false,
            "stop_signal": "",
            "stop_timeout": 1,
            "storage_opts": {},
            "sysctls": {},
            "tmpfs": {},
            "tty": false,
            "ulimit": [],
            "upload": [],
            "user": "",
            "userns_mode": "",
            "volumes": [],
            "wait": false,
            "wait_timeout": 60,
            "working_dir": ""
          },
          "sensitive_attributes": [],
          "identity_schema_version": 0,
          "private": "eyJzY2hlbWFfdmVyc2lvbiI6IjIifQ==",
          "dependencies": [
            "docker_network.lab_internal"
          ]
        },
        {
          "index_key": 1,
          "schema_version": 2,
          "attributes": {
            "attach": false,
            "bridge": "",
            "capabilities": [],
            "cgroup_parent": null,
            "cgroupns_mode": null,
            "command": [
              "tail",
              "-f",
              "/dev/null"
            ],
            "container_logs": null,
            "container_read_refresh_timeout_milliseconds": 15000,
            "cpu_period": null,
            "cpu_quota": null,
            "cpu_set": "",
            "cpu_shares": 0,
            "cpus": null,
            "destroy_grace_seconds": null,
            "devices": [],
            "dns": [],
            "dns_opts": [],
            "dns_search": [],
            "domainname": "",
            "entrypoint": [],
            "env": [],
            "exit_code": null,
            "gpus": null,
            "group_add": [],
            "healthcheck": [],
            "host": [],
            "hostname": "a886ad6035ce",
            "id": "a886ad6035ce7f69043f953556ea44244aa999a6d315d49595fa148316521633",
            "image": "ubuntu:latest",
            "init": false,
            "ipc_mode": "private",
            "labels": [],
            "log_driver": "json-file",
            "log_opts": {},
            "logs": false,
            "max_retry_count": 0,
            "memory": 0,
            "memory_swap": 0,
            "mounts": [],
            "must_run": true,
            "name": "target-vm-2",
            "network_data": [
              {
                "gateway": "172.19.0.1",
                "global_ipv6_address": "",
                "global_ipv6_prefix_length": 0,
                "ip_address": "172.19.0.17",
                "ip_prefix_length": 16,
                "ipv6_gateway": "",
                "mac_address": "fe:49:c7:4c:c8:83",
                "network_name": "lab_internal"
              }
            ],
            "network_mode": "bridge",
            "networks_advanced": [
              {
                "aliases": [],
                "ipv4_address": "",
                "ipv6_address": "",
                "name": "lab_internal"
              }
            ],
            "pid_mode": "",
            "ports": [],
            "privileged": false,
            "publish_all_ports": false,
            "read_only": false,
            "remove_volumes": true,
            "restart": "no",
            "rm": false,
            "runtime": "runc",
            "security_opts": [],
            "shm_size": 64,
            "start": true,
            "stdin_open": false,
            "stop_signal": "",
            "stop_timeout": 1,
            "storage_opts": {},
            "sysctls": {},
            "tmpfs": {},
            "tty": false,
            "ulimit": [],
            "upload": [],
            "user": "",
            "userns_mode": "",
            "volumes": [],
            "wait": false,
            "wait_timeout": 60,
            "working_dir": ""
          },
          "sensitive_attributes": [],
          "identity_schema_version": 0,
          "private": "eyJzY2hlbWFfdmVyc2lvbiI6IjIifQ==",
          "dependencies": [
            "docker_network.lab_internal"
          ]
        },
        {
          "index_key": 2,
          "schema_version": 2,
          "attributes": {
            "attach": false,
            "bridge": "",
            "capabilities": [],
            "cgroup_parent": null,
            "cgroupns_mode": null,
            "command": [
              "tail",
              "-f",
              "/dev/null"
            ],
            "container_logs": null,
            "container_read_refresh_timeout_milliseconds": 15000,
            "cpu_period": null,
            "cpu_quota": null,
            "cpu_set": "",
            "cpu_shares": 0,
            "cpus": null,
            "destroy_grace_seconds": null,
            "devices": [],
            "dns": [],
            "dns_opts": [],
            "dns_search": [],
            "domainname": "",
            "entrypoint": [],
            "env": [],
            "exit_code": null,
            "gpus": null,
            "group_add": [],
            "healthcheck": [],
            "host": [],
            "hostname": "938d3222afb8",
            "id": "938d3222afb8142a76feb166fc84988b15a1697f4e82ce165a6d20292c7c4615",
            "image": "ubuntu:latest",
            "init": false,
            "ipc_mode": "private",
            "labels": [],
            "log_driver": "json-file",
            "log_opts": {},
            "logs": false,
            "max_retry_count": 0,
            "memory": 0,
            "memory_swap": 0,
            "mounts": [],
            "must_run": true,
            "name": "target-vm-3",
            "network_data": [
              {
                "gateway": "172.19.0.1",
                "global_ipv6_address": "",
                "global_ipv6_prefix_length": 0,
                "ip_address": "172.19.0.15",
                "ip_prefix_length": 16,
                "ipv6_gateway": "",
                "mac_address": "22:ee:d3:e2:0b:c7",
                "network_name": "lab_internal"
              }
            ],
            "network_mode": "bridge",
            "networks_advanced": [
              {
                "aliases": [],
                "ipv4_address": "",
                "ipv6_address": "",
                "name": "lab_internal"
              }
            ],
            "pid_mode": "",
            "ports": [],
            "privileged": false,
            "publish_all_ports": false,
            "read_only": false,
            "remove_volumes": true,
            "restart": "no",
            "rm": false,
            "runtime": "runc",
            "security_opts": [],
            "shm_size": 64,
            "start": true,
            "stdin_open": false,
            "stop_signal": "",
            "stop_timeout": 1,
            "storage_opts": {},
            "sysctls": {},
            "tmpfs": {},
            "tty": false,
            "ulimit": [],
            "upload": [],
            "user": "",
            "userns_mode": "",
            "volumes": [],
            "wait": false,
            "wait_timeout": 60,
            "working_dir": ""
          },
          "sensitive_attributes": [],
          "identity_schema_version": 0,
          "private": "eyJzY2hlbWFfdmVyc2lvbiI6IjIifQ==",
          "dependencies": [
            "docker_network.lab_internal"
          ]
        },
        {
          "index_key": 3,
          "schema_version": 2,
          "attributes": {
            "attach": false,
            "bridge": "",
            "capabilities": [],
            "cgroup_parent": null,
            "cgroupns_mode": null,
            "command": [
              "tail",
              "-f",
              "/dev/null"
            ],
            "container_logs": null,
            "container_read_refresh_timeout_milliseconds": 15000,
            "cpu_period": null,
            "cpu_quota": null,
            "cpu_set": "",
            "cpu_shares": 0,
            "cpus": null,
            "destroy_grace_seconds": null,
            "devices": [],
            "dns": [],
            "dns_opts": [],
            "dns_search": [],
            "domainname": "",
            "entrypoint": [],
            "env": [],
            "exit_code": null,
            "gpus": null,
            "group_add": [],
            "healthcheck": [],
            "host": [],
            "hostname": "9f90dba6f457",
            "id": "9f90dba6f4577bf37910cd51483f99a2350c77281e1653b227b08de94c2a48b1",
            "image": "ubuntu:latest",
            "init": false,
            "ipc_mode": "private",
            "labels": [],
            "log_driver": "json-file",
            "log_opts": {},
            "logs": false,
            "max_retry_count": 0,
            "memory": 0,
            "memory_swap": 0,
            "mounts": [],
            "must_run": true,
            "name": "target-vm-4",
            "network_data": [
              {
                "gateway": "172.19.0.1",
                "global_ipv6_address": "",
                "global_ipv6_prefix_length": 0,
                "ip_address": "172.19.0.12",
                "ip_prefix_length": 16,
                "ipv6_gateway": "",
                "mac_address": "56:ff:af:74:88:12",
                "network_name": "lab_internal"
              }
            ],
            "network_mode": "bridge",
            "networks_advanced": [
              {
                "aliases": [],
                "ipv4_address": "",
                "ipv6_address": "",
                "name": "lab_internal"
              }
            ],
            "pid_mode": "",
            "ports": [],
            "privileged": false,
            "publish_all_ports": false,
            "read_only": false,
            "remove_volumes": true,
            "restart": "no",
            "rm": false,
            "runtime": "runc",
            "security_opts": [],
            "shm_size": 64,
            "start": true,
            "stdin_open": false,
            "stop_signal": "",
            "stop_timeout": 1,
            "storage_opts": {},
            "sysctls": {},
            "tmpfs": {},
            "tty": false,
            "ulimit": [],
            "upload": [],
            "user": "",
            "userns_mode": "",
            "volumes": [],
            "wait": false,
            "wait_timeout": 60,
            "working_dir": ""
          },
          "sensitive_attributes": [],
          "identity_schema_version": 0,
          "private": "eyJzY2hlbWFfdmVyc2lvbiI6IjIifQ==",
          "dependencies": [
            "docker_network.lab_internal"
          ]
        },
        {
          "index_key": 4,
          "schema_version": 2,
          "attributes": {
            "attach": false,
            "bridge": "",
            "capabilities": [],
            "cgroup_parent": null,
            "cgroupns_mode": null,
            "command": [
              "tail",
              "-f",
              "/dev/null"
            ],
            "container_logs": null,
            "container_read_refresh_timeout_milliseconds": 15000,
            "cpu_period": null,
            "cpu_quota": null,
            "cpu_set": "",
            "cpu_shares": 0,
            "cpus": null,
            "destroy_grace_seconds": null,
            "devices": [],
            "dns": [],
            "dns_opts": [],
            "dns_search": [],
            "domainname": "",
            "entrypoint": [],
            "env": [],
            "exit_code": null,
            "gpus": null,
            "group_add": [],
            "healthcheck": [],
            "host": [],
            "hostname": "15fa39a3e3de",
            "id": "15fa39a3e3de1a7cfd16f4f721641a6638978b95cd1f12975da23eb35bd87df5",
            "image": "ubuntu:latest",
            "init": false,
            "ipc_mode": "private",
            "labels": [],
            "log_driver": "json-file",
            "log_opts": {},
            "logs": false,
            "max_retry_count": 0,
            "memory": 0,
            "memory_swap": 0,
            "mounts": [],
            "must_run": true,
            "name": "target-vm-5",
            "network_data": [
              {
                "gateway": "172.19.0.1",
                "global_ipv6_address": "",
                "global_ipv6_prefix_length": 0,
                "ip_address": "172.19.0.20",
                "ip_prefix_length": 16,
                "ipv6_gateway": "",
                "mac_address": "a6:68:71:75:37:d7",
                "network_name": "lab_internal"
              }
            ],
            "network_mode": "bridge",
            "networks_advanced": [
              {
                "aliases": [],
                "ipv4_address": "",
                "ipv6_address": "",
                "name": "lab_internal"
              }
            ],
            "pid_mode": "",
            "ports": [],
            "privileged": false,
            "publish_all_ports": false,
            "read_only": false,
            "remove_volumes": true,
            "restart": "no",
            "rm": false,
            "runtime": "runc",
            "security_opts": [],
            "shm_size": 64,
            "start": true,
            "stdin_open": false,
            "stop_signal": "",
            "stop_timeout": 1,
            "storage_opts": {},
            "sysctls": {},
            "tmpfs": {},
            "tty": false,
            "ulimit": [],
            "upload": [],
            "user": "",
            "userns_mode": "",
            "volumes": [],
            "wait": false,
            "wait_timeout": 60,
            "working_dir": ""
          },
          "sensitive_attributes": [],
          "identity_schema_version": 0,
          "private": "eyJzY2hlbWFfdmVyc2lvbiI6IjIifQ==",
          "dependencies": [
            "docker_network.lab_internal"
          ]
        },
        {
          "index_key": 5,
          "schema_version": 2,
          "attributes": {
            "attach": false,
            "bridge": "",
            "capabilities": [],
            "cgroup_parent": null,
            "cgroupns_mode": null,
            "command": [
              "tail",
              "-f",
              "/dev/null"
            ],
            "container_logs": null,
            "container_read_refresh_timeout_milliseconds": 15000,
            "cpu_period": null,
            "cpu_quota": null,
            "cpu_set": "",
            "cpu_shares": 0,
            "cpus": null,
            "destroy_grace_seconds": null,
            "devices": [],
            "dns": [],
            "dns_opts": [],
            "dns_search": [],
            "domainname": "",
            "entrypoint": [],
            "env": [],
            "exit_code": null,
            "gpus": null,
            "group_add": [],
            "healthcheck": [],
            "host": [],
            "hostname": "67888b7dd2c5",
            "id": "67888b7dd2c57cd15e89d0f88e795b7161227064f91b9f84576ef02717dff24a",
            "image": "ubuntu:latest",
            "init": false,
            "ipc_mode": "private",
            "labels": [],
            "log_driver": "json-file",
            "log_opts": {},
            "logs": false,
            "max_retry_count": 0,
            "memory": 0,
            "memory_swap": 0,
            "mounts": [],
            "must_run": true,
            "name": "target-vm-6",
            "network_data": [
              {
                "gateway": "172.19.0.1",
                "global_ipv6_address": "",
                "global_ipv6_prefix_length": 0,
                "ip_address": "172.19.0.5",
                "ip_prefix_length": 16,
                "ipv6_gateway": "",
                "mac_address": "9e:b3:5d:15:63:0e",
                "network_name": "lab_internal"
              }
            ],
            "network_mode": "bridge",
            "networks_advanced": [
              {
                "aliases": [],
                "ipv4_address": "",
                "ipv6_address": "",
                "name": "lab_internal"
              }
            ],
            "pid_mode": "",
            "ports": [],
            "privileged": false,
            "publish_all_ports": false,
            "read_only": false,
            "remove_volumes": true,
            "restart": "no",
            "rm": false,
            "runtime": "runc",
            "security_opts": [],
            "shm_size": 64,
            "start": true,
            "stdin_open": false,
            "stop_signal": "",
            "stop_timeout": 1,
            "storage_opts": {},
            "sysctls": {},
            "tmpfs": {},
            "tty": false,
            "ulimit": [],
            "upload": [],
            "user": "",
            "userns_mode": "",
            "volumes": [],
            "wait": false,
            "wait_timeout": 60,
            "working_dir": ""
          },
          "sensitive_attributes": [],
          "identity_schema_version": 0,
          "private": "eyJzY2hlbWFfdmVyc2lvbiI6IjIifQ==",
          "dependencies": [
            "docker_network.lab_internal"
          ]
        },
        {
          "index_key": 6,
          "schema_version": 2,
          "attributes": {
            "attach": false,
            "bridge": "",
            "capabilities": [],
            "cgroup_parent": null,
            "cgroupns_mode": null,
            "command": [
              "tail",
              "-f",
              "/dev/null"
            ],
            "container_logs": null,
            "container_read_refresh_timeout_milliseconds": 15000,
            "cpu_period": null,
            "cpu_quota": null,
            "cpu_set": "",
            "cpu_shares": 0,
            "cpus": null,
            "destroy_grace_seconds": null,
            "devices": [],
            "dns": [],
            "dns_opts": [],
            "dns_search": [],
            "domainname": "",
            "entrypoint": [],
            "env": [],
            "exit_code": null,
            "gpus": null,
            "group_add": [],
            "healthcheck": [],
            "host": [],
            "hostname": "91cad7f8a6ab",
            "id": "91cad7f8a6abc9c8f81242026138dd47f01249492792d43d685b4da4796a1c08",
            "image": "ubuntu:latest",
            "init": false,
            "ipc_mode": "private",
            "labels": [],
            "log_driver": "json-file",
            "log_opts": {},
            "logs": false,
            "max_retry_count": 0,
            "memory": 0,
            "memory_swap": 0,
            "mounts": [],
            "must_run": true,
            "name": "target-vm-7",
            "network_data": [
              {
                "gateway": "172.19.0.1",
                "global_ipv6_address": "",
                "global_ipv6_prefix_length": 0,
                "ip_address": "172.19.0.22",
                "ip_prefix_length": 16,
                "ipv6_gateway": "",
                "mac_address": "92:d4:1d:59:f1:3f",
                "network_name": "lab_internal"
              }
            ],
            "network_mode": "bridge",
            "networks_advanced": [
              {
                "aliases": [],
                "ipv4_address": "",
                "ipv6_address": "",
                "name": "lab_internal"
              }
            ],
            "pid_mode": "",
            "ports": [],
            "privileged": false,
            "publish_all_ports": false,
            "read_only": false,
            "remove_volumes": true,
            "restart": "no",
            "rm": false,
            "runtime": "runc",
            "security_opts": [],
            "shm_size": 64,
            "start": true,
            "stdin_open": false,
            "stop_signal": "",
            "stop_timeout": 1,
            "storage_opts": {},
            "sysctls": {},
            "tmpfs": {},
            "tty": false,
            "ulimit": [],
            "upload": [],
            "user": "",
            "userns_mode": "",
            "volumes": [],
            "wait": false,
            "wait_timeout": 60,
            "working_dir": ""
          },
          "sensitive_attributes": [],
          "identity_schema_version": 0,
          "private": "eyJzY2hlbWFfdmVyc2lvbiI6IjIifQ==",
          "dependencies": [
            "docker_network.lab_internal"
          ]
        },
        {
          "index_key": 7,
          "schema_version": 2,
          "attributes": {
            "attach": false,
            "bridge": "",
            "capabilities": [],
            "cgroup_parent": null,
            "cgroupns_mode": null,
            "command": [
              "tail",
              "-f",
              "/dev/null"
            ],
            "container_logs": null,
            "container_read_refresh_timeout_milliseconds": 15000,
            "cpu_period": null,
            "cpu_quota": null,
            "cpu_set": "",
            "cpu_shares": 0,
            "cpus": null,
            "destroy_grace_seconds": null,
            "devices": [],
            "dns": [],
            "dns_opts": [],
            "dns_search": [],
            "domainname": "",
            "entrypoint": [],
            "env": [],
            "exit_code": null,
            "gpus": null,
            "group_add": [],
            "healthcheck": [],
            "host": [],
            "hostname": "c512664c6dee",
            "id": "c512664c6dee4ca2872641c8975ffb298db0633e93f03bb091178fa3ca211f51",
            "image": "ubuntu:latest",
            "init": false,
            "ipc_mode": "private",
            "labels": [],
            "log_driver": "json-file",
            "log_opts": {},
            "logs": false,
            "max_retry_count": 0,
            "memory": 0,
            "memory_swap": 0,
            "mounts": [],
            "must_run": true,
            "name": "target-vm-8",
            "network_data": [
              {
                "gateway": "172.19.0.1",
                "global_ipv6_address": "",
                "global_ipv6_prefix_length": 0,
                "ip_address": "172.19.0.3",
                "ip_prefix_length": 16,
                "ipv6_gateway": "",
                "mac_address": "46:cf:bc:18:32:b9",
                "network_name": "lab_internal"
              }
            ],
            "network_mode": "bridge",
            "networks_advanced": [
              {
                "aliases": [],
                "ipv4_address": "",
                "ipv6_address": "",
                "name": "lab_internal"
              }
            ],
            "pid_mode": "",
            "ports": [],
            "privileged": false,
            "publish_all_ports": false,
            "read_only": false,
            "remove_volumes": true,
            "restart": "no",
            "rm": false,
            "runtime": "runc",
            "security_opts": [],
            "shm_size": 64,
            "start": true,
            "stdin_open": false,
            "stop_signal": "",
            "stop_timeout": 1,
            "storage_opts": {},
            "sysctls": {},
            "tmpfs": {},
            "tty": false,
            "ulimit": [],
            "upload": [],
            "user": "",
            "userns_mode": "",
            "volumes": [],
            "wait": false,
            "wait_timeout": 60,
            "working_dir": ""
          },
          "sensitive_attributes": [],
          "identity_schema_version": 0,
          "private": "eyJzY2hlbWFfdmVyc2lvbiI6IjIifQ==",
          "dependencies": [
            "docker_network.lab_internal"
          ]
        },
        {
          "index_key": 8,
          "schema_version": 2,
          "attributes": {
            "attach": false,
            "bridge": "",
            "capabilities": [],
            "cgroup_parent": null,
            "cgroupns_mode": null,
            "command": [
              "tail",
              "-f",
              "/dev/null"
            ],
            "container_logs": null,
            "container_read_refresh_timeout_milliseconds": 15000,
            "cpu_period": null,
            "cpu_quota": null,
            "cpu_set": "",
            "cpu_shares": 0,
            "cpus": null,
            "destroy_grace_seconds": null,
            "devices": [],
            "dns": [],
            "dns_opts": [],
            "dns_search": [],
            "domainname": "",
            "entrypoint": [],
            "env": [],
            "exit_code": null,
            "gpus": null,
            "group_add": [],
            "healthcheck": [],
            "host": [],
            "hostname": "7e23623a2f69",
            "id": "7e23623a2f69a50a4d6dec87be441320677eb291149875404a45d291026962f7",
            "image": "ubuntu:latest",
            "init": false,
            "ipc_mode": "private",
            "labels": [],
            "log_driver": "json-file",
            "log_opts": {},
            "logs": false,
            "max_retry_count": 0,
            "memory": 0,
            "memory_swap": 0,
            "mounts": [],
            "must_run": true,
            "name": "target-vm-9",
            "network_data": [
              {
                "gateway": "172.19.0.1",
                "global_ipv6_address": "",
                "global_ipv6_prefix_length": 0,
                "ip_address": "172.19.0.2",
                "ip_prefix_length": 16,
                "ipv6_gateway": "",
                "mac_address": "f2:70:d3:2c:5b:bd",
                "network_name": "lab_internal"
              }
            ],
            "network_mode": "bridge",
            "networks_advanced": [
              {
                "aliases": [],
                "ipv4_address": "",
                "ipv6_address": "",
                "name": "lab_internal"
              }
            ],
            "pid_mode": "",
            "ports": [],
            "privileged": false,
            "publish_all_ports": false,
            "read_only": false,
            "remove_volumes": true,
            "restart": "no",
            "rm": false,
            "runtime": "runc",
            "security_opts": [],
            "shm_size": 64,
            "start": true,
            "stdin_open": false,
            "stop_signal": "",
            "stop_timeout": 1,
            "storage_opts": {},
            "sysctls": {},
            "tmpfs": {},
            "tty": false,
            "ulimit": [],
            "upload": [],
            "user": "",
            "userns_mode": "",
            "volumes": [],
            "wait": false,
            "wait_timeout": 60,
            "working_dir": ""
          },
          "sensitive_attributes": [],
          "identity_schema_version": 0,
          "private": "eyJzY2hlbWFfdmVyc2lvbiI6IjIifQ==",
          "dependencies": [
            "docker_network.lab_internal"
          ]
        },
        {
          "index_key": 9,
          "schema_version": 2,
          "attributes": {
            "attach": false,
            "bridge": "",
            "capabilities": [],
            "cgroup_parent": null,
            "cgroupns_mode": null,
            "command": [
              "tail",
              "-f",
              "/dev/null"
            ],
            "container_logs": null,
            "container_read_refresh_timeout_milliseconds": 15000,
            "cpu_period": null,
            "cpu_quota": null,
            "cpu_set": "",
            "cpu_shares": 0,
            "cpus": null,
            "destroy_grace_seconds": null,
            "devices": [],
            "dns": [],
            "dns_opts": [],
            "dns_search": [],
            "domainname": "",
            "entrypoint": [],
            "env": [],
            "exit_code": null,
            "gpus": null,
            "group_add": [],
            "healthcheck": [],
            "host": [],
            "hostname": "b00342cd79bf",
            "id": "b00342cd79bfaf211b8a96b98cef11f19880127b4ed42ecbf66c4d978757ec40",
            "image": "ubuntu:latest",
            "init": false,
            "ipc_mode": "private",
            "labels": [],
            "log_driver": "json-file",
            "log_opts": {},
            "logs": false,
            "max_retry_count": 0,
            "memory": 0,
            "memory_swap": 0,
            "mounts": [],
            "must_run": true,
            "name": "target-vm-10",
            "network_data": [
              {
                "gateway": "172.19.0.1",
                "global_ipv6_address": "",
                "global_ipv6_prefix_length": 0,
                "ip_address": "172.19.0.18",
                "ip_prefix_length": 16,
                "ipv6_gateway": "",
                "mac_address": "ca:72:c3:04:33:38",
                "network_name": "lab_internal"
              }
            ],
            "network_mode": "bridge",
            "networks_advanced": [
              {
                "aliases": [],
                "ipv4_address": "",
                "ipv6_address": "",
                "name": "lab_internal"
              }
            ],
            "pid_mode": "",
            "ports": [],
            "privileged": false,
            "publish_all_ports": false,
            "read_only": false,
            "remove_volumes": true,
            "restart": "no",
            "rm": false,
            "runtime": "runc",
            "security_opts": [],
            "shm_size": 64,
            "start": true,
            "stdin_open": false,
            "stop_signal": "",
            "stop_timeout": 1,
            "storage_opts": {},
            "sysctls": {},
            "tmpfs": {},
            "tty": false,
            "ulimit": [],
            "upload": [],
            "user": "",
            "userns_mode": "",
            "volumes": [],
            "wait": false,
            "wait_timeout": 60,
            "working_dir": ""
          },
          "sensitive_attributes": [],
          "identity_schema_version": 0,
          "private": "eyJzY2hlbWFfdmVyc2lvbiI6IjIifQ==",
          "dependencies": [
            "docker_network.lab_internal"
          ]
        }
      ]
    },
    {
      "mode": "managed",
      "type": "docker_network",
      "name": "lab_internal",
      "provider": "provider[\"registry.terraform.io/kreuzwerker/docker\"]",
      "instances": [
        {
          "schema_version": 1,
          "attributes": {
            "attachable": false,
            "check_duplicate": null,
            "driver": "bridge",
            "id": "19528851b7e42565564b92a265606641120e888f481f45edaa901b026d1737b3",
            "ingress": false,
            "internal": false,
            "ipam_config": [
              {
                "aux_address": {},
                "gateway": "172.19.0.1",
                "ip_range": "",
                "subnet": "172.19.0.0/16"
              }
            ],
            "ipam_driver": "default",
            "ipam_options": {},
            "ipv6": false,
            "labels": [],
            "name": "lab_internal",
            "options": {
              "com.docker.network.enable_ipv4": "true",
              "com.docker.network.enable_ipv6": "false"
            },
            "scope": "local"
          },
          "sensitive_attributes": [],
          "identity_schema_version": 0,
          "private": "eyJzY2hlbWFfdmVyc2lvbiI6IjEifQ=="
        }
      ]
    },
    {
      "module": "module.coppermine",
      "mode": "managed",
      "type": "docker_container",
      "name": "coppermine",
      "provider": "provider[\"registry.terraform.io/kreuzwerker/docker\"]",
      "instances": [
        {
          "schema_version": 2,
          "attributes": {
            "attach": false,
            "bridge": "",
            "capabilities": [],
            "cgroup_parent": null,
            "cgroupns_mode": null,
            "command": [
              "apache2-foreground"
            ],
            "container_logs": null,
            "container_read_refresh_timeout_milliseconds": 15000,
            "cpu_period": null,
            "cpu_quota": null,
            "cpu_set": "",
            "cpu_shares": 0,
            "cpus": null,
            "destroy_grace_seconds": null,
            "devices": [],
            "dns": [],
            "dns_opts": [],
            "dns_search": [],
            "domainname": "",
            "entrypoint": [
              "docker-php-entrypoint"
            ],
            "env": [
              "DB_HOST=mysql-server",
              "DB_NAME=coppermine",
              "DB_PASSWORD=admin2024",
              "DB_TYPE=mysql",
              "DB_USER=admin"
            ],
            "exit_code": null,
            "gpus": null,
            "group_add": [],
            "healthcheck": [],
            "host": [],
            "hostname": "9d7b5d21f093",
            "id": "9d7b5d21f09301fa29cb584ad1abcaf7b0746c41102769f91b30912c711c7db6",
            "image": "coppermine-local:1.4.11",
            "init": false,
            "ipc_mode": "private",
            "labels": [],
            "log_driver": "json-file",
            "log_opts": {},
            "logs": false,
            "max_retry_count": 0,
            "memory": 0,
            "memory_swap": 0,
            "mounts": [],
            "must_run": true,
            "name": "coppermine-gallery",
            "network_data": [
              {
                "gateway": "172.19.0.1",
                "global_ipv6_address": "",
                "global_ipv6_prefix_length": 0,
                "ip_address": "172.19.0.23",
                "ip_prefix_length": 16,
                "ipv6_gateway": "",
                "mac_address": "0a:87:29:0d:6c:2a",
                "network_name": "lab_internal"
              }
            ],
            "network_mode": "bridge",
            "networks_advanced": [
              {
                "aliases": [],
                "ipv4_address": "",
                "ipv6_address": "",
                "name": "lab_internal"
              }
            ],
            "pid_mode": "",
            "ports": [
              {
                "external": 8084,
                "internal": 80,
                "ip": "0.0.0.0",
                "protocol": "tcp"
              }
            ],
            "privileged": false,
            "publish_all_ports": false,
            "read_only": false,
            "remove_volumes": true,
            "restart": "always",
            "rm": false,
            "runtime": "runc",
            "security_opts": [],
            "shm_size": 64,
            "start": true,
            "stdin_open": false,
            "stop_signal": "",
            "stop_timeout": 1,
            "storage_opts": {},
            "sysctls": {},
            "tmpfs": {},
            "tty": false,
            "ulimit": [],
            "upload": [],
            "user": "",
            "userns_mode": "",
            "volumes": [],
            "wait": false,
            "wait_timeout": 60,
            "working_dir": "/var/www/html"
          },
          "sensitive_attributes": [
            [
              {
                "type": "get_attr",
                "value": "env"
              }
            ]
          ],
          "identity_schema_version": 0,
          "private": "eyJzY2hlbWFfdmVyc2lvbiI6IjIifQ==",
          "dependencies": [
            "docker_container.mysql",
            "docker_network.lab_internal"
          ]
        }
      ]
    },
    {
      "module": "module.coppermine",
      "mode": "managed",
      "type": "null_resource",
      "name": "sql_injection_documentation",
      "provider": "provider[\"registry.terraform.io/hashicorp/null\"]",
      "instances": [
        {
          "schema_version": 0,
          "attributes": {
            "id": "1308984362671788975",
            "triggers": null
          },
          "sensitive_attributes": [],
          "identity_schema_version": 0,
          "dependencies": [
            "docker_container.mysql",
            "docker_network.lab_internal"
          ]
        }
      ]
    },
    {
      "module": "module.filerun",
      "mode": "managed",
      "type": "docker_container",
      "name": "filerun",
      "provider": "provider[\"registry.terraform.io/kreuzwerker/docker\"]",
      "instances": [
        {
          "schema_version": 2,
          "attributes": {
            "attach": false,
            "bridge": "",
            "capabilities": [],
            "cgroup_parent": null,
            "cgroupns_mode": null,
            "command": [
              "apache2-foreground"
            ],
            "container_logs": null,
            "container_read_refresh_timeout_milliseconds": 15000,
            "cpu_period": null,
            "cpu_quota": null,
            "cpu_set": "",
            "cpu_shares": 0,
            "cpus": null,
            "destroy_grace_seconds": null,
            "devices": [],
            "dns": [],
            "dns_opts": [],
            "dns_search": [],
            "domainname": "",
            "entrypoint": [
              "docker-php-entrypoint"
            ],
            "env": [
              "FR_DB_HOST=mysql-server",
              "FR_DB_NAME=filerun",
              "FR_DB_PASS=admin2024",
              "FR_DB_PORT=3306",
              "FR_DB_TYPE=mysql",
              "FR_DB_USER=admin"
            ],
            "exit_code": null,
            "gpus": null,
            "group_add": [],
            "healthcheck": [],
            "host": [],
            "hostname": "7aadd6007981",
            "id": "7aadd60079816544b91265e57c8af6679f9a44a8ab26a15af56b46acd6a144c7",
            "image": "filerun-local:2021.03.26",
            "init": false,
            "ipc_mode": "private",
            "labels": [],
            "log_driver": "json-file",
            "log_opts": {},
            "logs": false,
            "max_retry_count": 0,
            "memory": 0,
            "memory_swap": 0,
            "mounts": [],
            "must_run": true,
            "name": "filerun-server",
            "network_data": [
              {
                "gateway": "172.19.0.1",
                "global_ipv6_address": "",
                "global_ipv6_prefix_length": 0,
                "ip_address": "172.19.0.26",
                "ip_prefix_length": 16,
                "ipv6_gateway": "",
                "mac_address": "2e:f4:f8:29:97:de",
                "network_name": "lab_internal"
              }
            ],
            "network_mode": "bridge",
            "networks_advanced": [
              {
                "aliases": [],
                "ipv4_address": "",
                "ipv6_address": "",
                "name": "lab_internal"
              }
            ],
            "pid_mode": "",
            "ports": [
              {
                "external": 8082,
                "internal": 80,
                "ip": "0.0.0.0",
                "protocol": "tcp"
              }
            ],
            "privileged": false,
            "publish_all_ports": false,
            "read_only": false,
            "remove_volumes": true,
            "restart": "always",
            "rm": false,
            "runtime": "runc",
            "security_opts": [],
            "shm_size": 64,
            "start": true,
            "stdin_open": false,
            "stop_signal": "SIGWINCH",
            "stop_timeout": 1,
            "storage_opts": {},
            "sysctls": {},
            "tmpfs": {},
            "tty": false,
            "ulimit": [],
            "upload": [],
            "user": "",
            "userns_mode": "",
            "volumes": [],
            "wait": false,
            "wait_timeout": 60,
            "working_dir": "/var/www/html"
          },
          "sensitive_attributes": [
            [
              {
                "type": "get_attr",
                "value": "env"
              }
            ]
          ],
          "identity_schema_version": 0,
          "private": "eyJzY2hlbWFfdmVyc2lvbiI6IjIifQ==",
          "dependencies": [
            "docker_container.mysql",
            "docker_network.lab_internal"
          ]
        }
      ]
    },
    {
      "module": "module.filerun",
      "mode": "managed",
      "type": "null_resource",
      "name": "rce_documentation",
      "provider": "provider[\"registry.terraform.io/hashicorp/null\"]",
      "instances": [
        {
          "schema_version": 0,
          "attributes": {
            "id": "563030262322212157",
            "triggers": null
          },
          "sensitive_attributes": [],
          "identity_schema_version": 0,
          "dependencies": [
            "docker_container.mysql",
            "docker_network.lab_internal"
          ]
        }
      ]
    },
    {
      "module": "module.hmailserver",
      "mode": "managed",
      "type": "docker_container",
      "name": "hmailserver",
      "provider": "provider[\"registry.terraform.io/kreuzwerker/docker\"]",
      "instances": [
        {
          "schema_version": 2,
          "attributes": {
            "attach": false,
            "bridge": "",
            "capabilities": [],
            "cgroup_parent": null,
            "cgroupns_mode": null,
            "command": [
              "apache2-foreground"
            ],
            "container_logs": null,
            "container_read_refresh_timeout_milliseconds": 15000,
            "cpu_period": null,
            "cpu_quota": null,
            "cpu_set": "",
            "cpu_shares": 0,
            "cpus": null,
            "destroy_grace_seconds": null,
            "devices": [],
            "dns": [],
            "dns_opts": [],
            "dns_search": [],
            "domainname": "",
            "entrypoint": [
              "docker-php-entrypoint"
            ],
            "env": [],
            "exit_code": null,
            "gpus": null,
            "group_add": [],
            "healthcheck": [],
            "host": [],
            "hostname": "ad920ea6ee97",
            "id": "ad920ea6ee979c9b11500a1a2cb7a5b10504e0d40cbc1f62bcdd913beaf0708e",
            "image": "hmailserver-webadmin:4.4.2",
            "init": false,
            "ipc_mode": "private",
            "labels": [],
            "log_driver": "json-file",
            "log_opts": {},
            "logs": false,
            "max_retry_count": 0,
            "memory": 0,
            "memory_swap": 0,
            "mounts": [],
            "must_run": true,
            "name": "hmailserver-web",
            "network_data": [
              {
                "gateway": "172.19.0.1",
                "global_ipv6_address": "",
                "global_ipv6_prefix_length": 0,
                "ip_address": "172.19.0.24",
                "ip_prefix_length": 16,
                "ipv6_gateway": "",
                "mac_address": "be:21:f1:26:8d:64",
                "network_name": "lab_internal"
              }
            ],
            "network_mode": "bridge",
            "networks_advanced": [
              {
                "aliases": [],
                "ipv4_address": "",
                "ipv6_address": "",
                "name": "lab_internal"
              }
            ],
            "pid_mode": "",
            "ports": [
              {
                "external": 8087,
                "internal": 80,
                "ip": "0.0.0.0",
                "protocol": "tcp"
              }
            ],
            "privileged": false,
            "publish_all_ports": false,
            "read_only": false,
            "remove_volumes": true,
            "restart": "always",
            "rm": false,
            "runtime": "runc",
            "security_opts": [],
            "shm_size": 64,
            "start": true,
            "stdin_open": false,
            "stop_signal": "",
            "stop_timeout": 1,
            "storage_opts": {},
            "sysctls": {},
            "tmpfs": {},
            "tty": false,
            "ulimit": [],
            "upload": [],
            "user": "",
            "userns_mode": "",
            "volumes": [],
            "wait": false,
            "wait_timeout": 60,
            "working_dir": "/var/www/html"
          },
          "sensitive_attributes": [],
          "identity_schema_version": 0,
          "private": "eyJzY2hlbWFfdmVyc2lvbiI6IjIifQ==",
          "dependencies": [
            "docker_container.mysql",
            "docker_network.lab_internal"
          ]
        }
      ]
    },
    {
      "module": "module.hmailserver",
      "mode": "managed",
      "type": "null_resource",
      "name": "hmail_vulnerability_documentation",
      "provider": "provider[\"registry.terraform.io/hashicorp/null\"]",
      "instances": [
        {
          "schema_version": 0,
          "attributes": {
            "id": "6894182649640898440",
            "triggers": null
          },
          "sensitive_attributes": [],
          "identity_schema_version": 0,
          "dependencies": [
            "docker_container.mysql",
            "docker_network.lab_internal"
          ]
        }
      ]
    },
    {
      "module": "module.mailcow",
      "mode": "managed",
      "type": "docker_container",
      "name": "mailcow_ui",
      "provider": "provider[\"registry.terraform.io/kreuzwerker/docker\"]",
      "instances": [
        {
          "schema_version": 2,
          "attributes": {
            "attach": false,
            "bridge": "",
            "capabilities": [],
            "cgroup_parent": null,
            "cgroupns_mode": null,
            "command": [
              "apache2-foreground"
            ],
            "container_logs": null,
            "container_read_refresh_timeout_milliseconds": 15000,
            "cpu_period": null,
            "cpu_quota": null,
            "cpu_set": "",
            "cpu_shares": 0,
            "cpus": null,
            "destroy_grace_seconds": null,
            "devices": [],
            "dns": [],
            "dns_opts": [],
            "dns_search": [],
            "domainname": "",
            "entrypoint": [
              "docker-php-entrypoint"
            ],
            "env": [
              "DB_HOST=postgres-server",
              "DB_NAME=mailcow",
              "DB_PASSWORD=admin2024",
              "DB_TYPE=pgsql",
              "DB_USER=admin",
              "REDIS_HOST=redis-mailcow"
            ],
            "exit_code": null,
            "gpus": null,
            "group_add": [],
            "healthcheck": [],
            "host": [],
            "hostname": "70642d3884c4",
            "id": "70642d3884c4d589dcb89d2131a0eec186b628cb32ba23d7ceb8bdd510cdbd2d",
            "image": "mailcow-local:0.14",
            "init": false,
            "ipc_mode": "private",
            "labels": [],
            "log_driver": "json-file",
            "log_opts": {},
            "logs": false,
            "max_retry_count": 0,
            "memory": 0,
            "memory_swap": 0,
            "mounts": [],
            "must_run": true,
            "name": "mailcow-server",
            "network_data": [
              {
                "gateway": "172.19.0.1",
                "global_ipv6_address": "",
                "global_ipv6_prefix_length": 0,
                "ip_address": "172.19.0.16",
                "ip_prefix_length": 16,
                "ipv6_gateway": "",
                "mac_address": "be:01:ad:72:a4:6b",
                "network_name": "lab_internal"
              }
            ],
            "network_mode": "bridge",
            "networks_advanced": [
              {
                "aliases": [],
                "ipv4_address": "",
                "ipv6_address": "",
                "name": "lab_internal"
              }
            ],
            "pid_mode": "",
            "ports": [
              {
                "external": 8088,
                "internal": 80,
                "ip": "0.0.0.0",
                "protocol": "tcp"
              }
            ],
            "privileged": false,
            "publish_all_ports": false,
            "read_only": false,
            "remove_volumes": true,
            "restart": "always",
            "rm": false,
            "runtime": "runc",
            "security_opts": [],
            "shm_size": 64,
            "start": true,
            "stdin_open": false,
            "stop_signal": "SIGWINCH",
            "stop_timeout": 1,
            "storage_opts": {},
            "sysctls": {},
            "tmpfs": {},
            "tty": false,
            "ulimit": [],
            "upload": [],
            "user": "",
            "userns_mode": "",
            "volumes": [],
            "wait": false,
            "wait_timeout": 60,
            "working_dir": "/var/www/html"
          },
          "sensitive_attributes": [
            [
              {
                "type": "get_attr",
                "value": "env"
              }
            ]
          ],
          "identity_schema_version": 0,
          "private": "eyJzY2hlbWFfdmVyc2lvbiI6IjIifQ==",
          "dependencies": [
            "docker_network.lab_internal",
            "module.postgres.docker_container.postgres_db",
            "module.postgres.null_resource.postgres_security_notes"
          ]
        }
      ]
    },
    {
      "module": "module.mailcow",
      "mode": "managed",
      "type": "null_resource",
      "name": "mailcow_vulnerability_documentation",
      "provider": "provider[\"registry.terraform.io/hashicorp/null\"]",
      "instances": [
        {
          "schema_version": 0,
          "attributes": {
            "id": "6544653299983394935",
            "triggers": null
          },
          "sensitive_attributes": [],
          "identity_schema_version": 0,
          "dependencies": [
            "docker_network.lab_internal",
            "module.postgres.docker_container.postgres_db",
            "module.postgres.null_resource.postgres_security_notes"
          ]
        }
      ]
    },
    {
      "module": "module.mailhog",
      "mode": "managed",
      "type": "docker_container",
      "name": "mailhog",
      "provider": "provider[\"registry.terraform.io/kreuzwerker/docker\"]",
      "instances": [
        {
          "schema_version": 2,
          "attributes": {
            "attach": false,
            "bridge": "",
            "capabilities": [],
            "cgroup_parent": null,
            "cgroupns_mode": null,
            "command": [],
            "container_logs": null,
            "container_read_refresh_timeout_milliseconds": 15000,
            "cpu_period": null,
            "cpu_quota": null,
            "cpu_set": "",
            "cpu_shares": 0,
            "cpus": null,
            "destroy_grace_seconds": null,
            "devices": [],
            "dns": [],
            "dns_opts": [],
            "dns_search": [],
            "domainname": "",
            "entrypoint": [
              "MailHog"
            ],
            "env": [],
            "exit_code": null,
            "gpus": null,
            "group_add": [],
            "healthcheck": [],
            "host": [],
            "hostname": "2669287df81f",
            "id": "2669287df81f6dc437733b0d73363d734d2fd41ff14e15c04fc2657a8f0a8ce6",
            "image": "mailhog-local:1.0.1",
            "init": false,
            "ipc_mode": "private",
            "labels": [],
            "log_driver": "json-file",
            "log_opts": {},
            "logs": false,
            "max_retry_count": 0,
            "memory": 0,
            "memory_swap": 0,
            "mounts": [],
            "must_run": true,
            "name": "mailhog-server",
            "network_data": [
              {
                "gateway": "172.19.0.1",
                "global_ipv6_address": "",
                "global_ipv6_prefix_length": 0,
                "ip_address": "172.19.0.6",
                "ip_prefix_length": 16,
                "ipv6_gateway": "",
                "mac_address": "2e:5d:51:c4:1d:6c",
                "network_name": "lab_internal"
              }
            ],
            "network_mode": "bridge",
            "networks_advanced": [
              {
                "aliases": [],
                "ipv4_address": "",
                "ipv6_address": "",
                "name": "lab_internal"
              }
            ],
            "pid_mode": "",
            "ports": [
              {
                "external": 1025,
                "internal": 1025,
                "ip": "0.0.0.0",
                "protocol": "tcp"
              },
              {
                "external": 8025,
                "internal": 8025,
                "ip": "0.0.0.0",
                "protocol": "tcp"
              }
            ],
            "privileged": false,
            "publish_all_ports": false,
            "read_only": false,
            "remove_volumes": true,
            "restart": "always",
            "rm": false,
            "runtime": "runc",
            "security_opts": [],
            "shm_size": 64,
            "start": true,
            "stdin_open": false,
            "stop_signal": "",
            "stop_timeout": 1,
            "storage_opts": {},
            "sysctls": {},
            "tmpfs": {},
            "tty": false,
            "ulimit": [],
            "upload": [],
            "user": "mailhog",
            "userns_mode": "",
            "volumes": [],
            "wait": false,
            "wait_timeout": 60,
            "working_dir": "/home/mailhog"
          },
          "sensitive_attributes": [],
          "identity_schema_version": 0,
          "private": "eyJzY2hlbWFfdmVyc2lvbiI6IjIifQ==",
          "dependencies": [
            "docker_network.lab_internal"
          ]
        }
      ]
    },
    {
      "module": "module.mailhog",
      "mode": "managed",
      "type": "null_resource",
      "name": "mailhog_xss_documentation",
      "provider": "provider[\"registry.terraform.io/hashicorp/null\"]",
      "instances": [
        {
          "schema_version": 0,
          "attributes": {
            "id": "5180697105650843479",
            "triggers": null
          },
          "sensitive_attributes": [],
          "identity_schema_version": 0
        }
      ]
    },
    {
      "module": "module.nextcloud",
      "mode": "managed",
      "type": "docker_container",
      "name": "nextcloud",
      "provider": "provider[\"registry.terraform.io/kreuzwerker/docker\"]",
      "instances": [
        {
          "schema_version": 2,
          "attributes": {
            "attach": false,
            "bridge": "",
            "capabilities": [],
            "cgroup_parent": null,
            "cgroupns_mode": null,
            "command": [
              "apache2-foreground"
            ],
            "container_logs": null,
            "container_read_refresh_timeout_milliseconds": 15000,
            "cpu_period": null,
            "cpu_quota": null,
            "cpu_set": "",
            "cpu_shares": 0,
            "cpus": null,
            "destroy_grace_seconds": null,
            "devices": [],
            "dns": [],
            "dns_opts": [],
            "dns_search": [],
            "domainname": "",
            "entrypoint": [
              "/entrypoint.sh"
            ],
            "env": [
              "POSTGRES_DB=nextcloud",
              "POSTGRES_HOST=postgres-server",
              "POSTGRES_PASSWORD=admin2024",
              "POSTGRES_USER=admin"
            ],
            "exit_code": null,
            "gpus": null,
            "group_add": [],
            "healthcheck": [],
            "host": [],
            "hostname": "9a259a1434fe",
            "id": "9a259a1434fe33945391ad8479fa3330651e9a8458af190e6119efe459b8f106",
            "image": "nextcloud:17.0.0-apache",
            "init": false,
            "ipc_mode": "private",
            "labels": [],
            "log_driver": "json-file",
            "log_opts": {},
            "logs": false,
            "max_retry_count": 0,
            "memory": 0,
            "memory_swap": 0,
            "mounts": [],
            "must_run": true,
            "name": "nextcloud-server",
            "network_data": [
              {
                "gateway": "172.19.0.1",
                "global_ipv6_address": "",
                "global_ipv6_prefix_length": 0,
                "ip_address": "172.19.0.8",
                "ip_prefix_length": 16,
                "ipv6_gateway": "",
                "mac_address": "d2:a6:d1:24:51:62",
                "network_name": "lab_internal"
              }
            ],
            "network_mode": "bridge",
            "networks_advanced": [
              {
                "aliases": [],
                "ipv4_address": "",
                "ipv6_address": "",
                "name": "lab_internal"
              }
            ],
            "pid_mode": "",
            "ports": [
              {
                "external": 8080,
                "internal": 80,
                "ip": "0.0.0.0",
                "protocol": "tcp"
              }
            ],
            "privileged": false,
            "publish_all_ports": false,
            "read_only": false,
            "remove_volumes": true,
            "restart": "always",
            "rm": false,
            "runtime": "runc",
            "security_opts": [],
            "shm_size": 64,
            "start": true,
            "stdin_open": false,
            "stop_signal": "WINCH",
            "stop_timeout": 1,
            "storage_opts": {},
            "sysctls": {},
            "tmpfs": {},
            "tty": false,
            "ulimit": [],
            "upload": [],
            "user": "",
            "userns_mode": "",
            "volumes": [],
            "wait": false,
            "wait_timeout": 60,
            "working_dir": "/var/www/html"
          },
          "sensitive_attributes": [
            [
              {
                "type": "get_attr",
                "value": "env"
              }
            ]
          ],
          "identity_schema_version": 0,
          "private": "eyJzY2hlbWFfdmVyc2lvbiI6IjIifQ==",
          "dependencies": [
            "docker_network.lab_internal",
            "module.postgres.docker_container.postgres_db",
            "module.postgres.null_resource.postgres_security_notes"
          ]
        }
      ]
    },
    {
      "module": "module.nextcloud",
      "mode": "managed",
      "type": "null_resource",
      "name": "csrf_documentation",
      "provider": "provider[\"registry.terraform.io/hashicorp/null\"]",
      "instances": [
        {
          "schema_version": 0,
          "attributes": {
            "id": "5769136337736275614",
            "triggers": null
          },
          "sensitive_attributes": [],
          "identity_schema_version": 0,
          "dependencies": [
            "docker_network.lab_internal",
            "module.postgres.docker_container.postgres_db",
            "module.postgres.null_resource.postgres_security_notes"
          ]
        }
      ]
    },
    {
      "module": "module.nginx",
      "mode": "managed",
      "type": "docker_container",
      "name": "nginx_controller",
      "provider": "provider[\"registry.terraform.io/kreuzwerker/docker\"]",
      "instances": [
        {
          "schema_version": 2,
          "attributes": {
            "attach": false,
            "bridge": "",
            "capabilities": [],
            "cgroup_parent": null,
            "cgroupns_mode": null,
            "command": [
              "nginx",
              "-g",
              "daemon off;"
            ],
            "container_logs": null,
            "container_read_refresh_timeout_milliseconds": 15000,
            "cpu_period": null,
            "cpu_quota": null,
            "cpu_set": "",
            "cpu_shares": 0,
            "cpus": null,
            "destroy_grace_seconds": null,
            "devices": [],
            "dns": [],
            "dns_opts": [],
            "dns_search": [],
            "domainname": "",
            "entrypoint": [
              "/docker-entrypoint.sh"
            ],
            "env": [],
            "exit_code": null,
            "gpus": null,
            "group_add": [],
            "healthcheck": [],
            "host": [],
            "hostname": "2b38db370962",
            "id": "2b38db370962e780e382982990d630d2632b6aff725a3ffb5598cb7b24cbc180",
            "image": "ingress-nginx-local:4.11.0",
            "init": false,
            "ipc_mode": "private",
            "labels": [],
            "log_driver": "json-file",
            "log_opts": {},
            "logs": false,
            "max_retry_count": 0,
            "memory": 0,
            "memory_swap": 0,
            "mounts": [],
            "must_run": true,
            "name": "nginx-ingress-controller",
            "network_data": [
              {
                "gateway": "172.19.0.1",
                "global_ipv6_address": "",
                "global_ipv6_prefix_length": 0,
                "ip_address": "172.19.0.7",
                "ip_prefix_length": 16,
                "ipv6_gateway": "",
                "mac_address": "c6:0c:a8:17:e3:58",
                "network_name": "lab_internal"
              }
            ],
            "network_mode": "bridge",
            "networks_advanced": [
              {
                "aliases": [],
                "ipv4_address": "",
                "ipv6_address": "",
                "name": "lab_internal"
              }
            ],
            "pid_mode": "",
            "ports": [
              {
                "external": 8083,
                "internal": 80,
                "ip": "0.0.0.0",
                "protocol": "tcp"
              }
            ],
            "privileged": false,
            "publish_all_ports": false,
            "read_only": false,
            "remove_volumes": true,
            "restart": "always",
            "rm": false,
            "runtime": "runc",
            "security_opts": [],
            "shm_size": 64,
            "start": true,
            "stdin_open": false,
            "stop_signal": "SIGQUIT",
            "stop_timeout": 1,
            "storage_opts": {},
            "sysctls": {},
            "tmpfs": {},
            "tty": false,
            "ulimit": [],
            "upload": [],
            "user": "",
            "userns_mode": "",
            "volumes": [],
            "wait": false,
            "wait_timeout": 60,
            "working_dir": "/opt/ingress-nginx"
          },
          "sensitive_attributes": [],
          "identity_schema_version": 0,
          "private": "eyJzY2hlbWFfdmVyc2lvbiI6IjIifQ==",
          "dependencies": [
            "docker_network.lab_internal"
          ]
        }
      ]
    },
    {
      "module": "module.nginx",
      "mode": "managed",
      "type": "null_resource",
      "name": "nginx_rce_documentation",
      "provider": "provider[\"registry.terraform.io/hashicorp/null\"]",
      "instances": [
        {
          "schema_version": 0,
          "attributes": {
            "id": "4155979452837390030",
            "triggers": null
          },
          "sensitive_attributes": [],
          "identity_schema_version": 0
        }
      ]
    },
    {
      "module": "module.owncloud",
      "mode": "managed",
      "type": "docker_container",
      "name": "owncloud",
      "provider": "provider[\"registry.terraform.io/kreuzwerker/docker\"]",
      "instances": [
        {
          "schema_version": 2,
          "attributes": {
            "attach": false,
            "bridge": "",
            "capabilities": [],
            "cgroup_parent": null,
            "cgroupns_mode": null,
            "command": [
              "/usr/bin/owncloud",
              "server"
            ],
            "container_logs": null,
            "container_read_refresh_timeout_milliseconds": 15000,
            "cpu_period": null,
            "cpu_quota": null,
            "cpu_set": "",
            "cpu_shares": 0,
            "cpus": null,
            "destroy_grace_seconds": null,
            "devices": [],
            "dns": [],
            "dns_opts": [],
            "dns_search": [],
            "domainname": "",
            "entrypoint": [
              "/usr/bin/entrypoint"
            ],
            "env": [
              "OWNCLOUD_ADMIN_PASSWORD=admin",
              "OWNCLOUD_ADMIN_USERNAME=admin",
              "OWNCLOUD_DB_HOST=postgres-server",
              "OWNCLOUD_DB_NAME=owncloud",
              "OWNCLOUD_DB_PASSWORD=admin2024",
              "OWNCLOUD_DB_TYPE=pgsql",
              "OWNCLOUD_DB_USERNAME=admin"
            ],
            "exit_code": null,
            "gpus": null,
            "group_add": [],
            "healthcheck": [],
            "host": [],
            "hostname": "959f3a5ad958",
            "id": "959f3a5ad958d6195df4da66a2ee90fe6a07c919afd372f58c0966ed0c97b1f2",
            "image": "vulhub/owncloud:10.12.1",
            "init": false,
            "ipc_mode": "private",
            "labels": [],
            "log_driver": "json-file",
            "log_opts": {},
            "logs": false,
            "max_retry_count": 0,
            "memory": 0,
            "memory_swap": 0,
            "mounts": [],
            "must_run": true,
            "name": "owncloud-server",
            "network_data": [
              {
                "gateway": "172.19.0.1",
                "global_ipv6_address": "",
                "global_ipv6_prefix_length": 0,
                "ip_address": "172.19.0.9",
                "ip_prefix_length": 16,
                "ipv6_gateway": "",
                "mac_address": "96:b4:c9:a6:07:6f",
                "network_name": "lab_internal"
              }
            ],
            "network_mode": "bridge",
            "networks_advanced": [
              {
                "aliases": [],
                "ipv4_address": "",
                "ipv6_address": "",
                "name": "lab_internal"
              }
            ],
            "pid_mode": "",
            "ports": [
              {
                "external": 8081,
                "internal": 8080,
                "ip": "0.0.0.0",
                "protocol": "tcp"
              }
            ],
            "privileged": false,
            "publish_all_ports": false,
            "read_only": false,
            "remove_volumes": true,
            "restart": "always",
            "rm": false,
            "runtime": "runc",
            "security_opts": [],
            "shm_size": 64,
            "start": true,
            "stdin_open": false,
            "stop_signal": "",
            "stop_timeout": 1,
            "storage_opts": {},
            "sysctls": {},
            "tmpfs": {},
            "tty": false,
            "ulimit": [],
            "upload": [],
            "user": "",
            "userns_mode": "",
            "volumes": [],
            "wait": false,
            "wait_timeout": 60,
            "working_dir": "/var/www/owncloud"
          },
          "sensitive_attributes": [
            [
              {
                "type": "get_attr",
                "value": "env"
              }
            ]
          ],
          "identity_schema_version": 0,
          "private": "eyJzY2hlbWFfdmVyc2lvbiI6IjIifQ==",
          "dependencies": [
            "docker_network.lab_internal",
            "module.postgres.docker_container.postgres_db",
            "module.postgres.null_resource.postgres_security_notes"
          ]
        }
      ]
    },
    {
      "module": "module.owncloud",
      "mode": "managed",
      "type": "null_resource",
      "name": "vulnerability_documentation",
      "provider": "provider[\"registry.terraform.io/hashicorp/null\"]",
      "instances": [
        {
          "schema_version": 0,
          "attributes": {
            "id": "68997236765449325",
            "triggers": null
          },
          "sensitive_attributes": [],
          "identity_schema_version": 0,
          "dependencies": [
            "docker_network.lab_internal",
            "module.postgres.docker_container.postgres_db",
            "module.postgres.null_resource.postgres_security_notes"
          ]
        }
      ]
    },
    {
      "module": "module.piwigo",
      "mode": "managed",
      "type": "docker_container",
      "name": "piwigo",
      "provider": "provider[\"registry.terraform.io/kreuzwerker/docker\"]",
      "instances": [
        {
          "schema_version": 2,
          "attributes": {
            "attach": false,
            "bridge": "",
            "capabilities": [],
            "cgroup_parent": null,
            "cgroupns_mode": null,
            "command": [
              "apache2-foreground"
            ],
            "container_logs": null,
            "container_read_refresh_timeout_milliseconds": 15000,
            "cpu_period": null,
            "cpu_quota": null,
            "cpu_set": "",
            "cpu_shares": 0,
            "cpus": null,
            "destroy_grace_seconds": null,
            "devices": [],
            "dns": [],
            "dns_opts": [],
            "dns_search": [],
            "domainname": "",
            "entrypoint": [
              "docker-php-entrypoint"
            ],
            "env": [
              "POSTGRES_DB=piwigo",
              "POSTGRES_HOST=mysql-server",
              "POSTGRES_PASSWORD=admin2024",
              "POSTGRES_USER=admin"
            ],
            "exit_code": null,
            "gpus": null,
            "group_add": [],
            "healthcheck": [],
            "host": [],
            "hostname": "c51cfdd295fd",
            "id": "c51cfdd295fd54ebb65f26d2c5cf33344160f6583c2ccb570ef53fa41d8a3662",
            "image": "piwigo-local:2.5.3",
            "init": false,
            "ipc_mode": "private",
            "labels": [],
            "log_driver": "json-file",
            "log_opts": {},
            "logs": false,
            "max_retry_count": 0,
            "memory": 0,
            "memory_swap": 0,
            "mounts": [],
            "must_run": true,
            "name": "piwigo-server",
            "network_data": [
              {
                "gateway": "172.19.0.1",
                "global_ipv6_address": "",
                "global_ipv6_prefix_length": 0,
                "ip_address": "172.19.0.25",
                "ip_prefix_length": 16,
                "ipv6_gateway": "",
                "mac_address": "ce:a7:b9:60:5f:51",
                "network_name": "lab_internal"
              }
            ],
            "network_mode": "bridge",
            "networks_advanced": [
              {
                "aliases": [],
                "ipv4_address": "",
                "ipv6_address": "",
                "name": "lab_internal"
              }
            ],
            "pid_mode": "",
            "ports": [
              {
                "external": 8086,
                "internal": 80,
                "ip": "0.0.0.0",
                "protocol": "tcp"
              }
            ],
            "privileged": false,
            "publish_all_ports": false,
            "read_only": false,
            "remove_volumes": true,
            "restart": "always",
            "rm": false,
            "runtime": "runc",
            "security_opts": [],
            "shm_size": 64,
            "start": true,
            "stdin_open": false,
            "stop_signal": "",
            "stop_timeout": 1,
            "storage_opts": {},
            "sysctls": {},
            "tmpfs": {},
            "tty": false,
            "ulimit": [],
            "upload": [],
            "user": "",
            "userns_mode": "",
            "volumes": [],
            "wait": false,
            "wait_timeout": 60,
            "working_dir": "/var/www/html"
          },
          "sensitive_attributes": [
            [
              {
                "type": "get_attr",
                "value": "env"
              }
            ]
          ],
          "identity_schema_version": 0,
          "private": "eyJzY2hlbWFfdmVyc2lvbiI6IjIifQ==",
          "dependencies": [
            "docker_container.mysql",
            "docker_network.lab_internal"
          ]
        }
      ]
    },
    {
      "module": "module.piwigo",
      "mode": "managed",
      "type": "null_resource",
      "name": "piwigo_vulnerability_documentation",
      "provider": "provider[\"registry.terraform.io/hashicorp/null\"]",
      "instances": [
        {
          "schema_version": 0,
          "attributes": {
            "id": "5962200357372749036",
            "triggers": null
          },
          "sensitive_attributes": [],
          "identity_schema_version": 0,
          "dependencies": [
            "docker_container.mysql",
            "docker_network.lab_internal"
          ]
        }
      ]
    },
    {
      "module": "module.postgres",
      "mode": "managed",
      "type": "docker_container",
      "name": "postgres_db",
      "provider": "provider[\"registry.terraform.io/kreuzwerker/docker\"]",
      "instances": [
        {
          "schema_version": 2,
          "attributes": {
            "attach": false,
            "bridge": "",
            "capabilities": [],
            "cgroup_parent": null,
            "cgroupns_mode": null,
            "command": [
              "postgres"
            ],
            "container_logs": null,
            "container_read_refresh_timeout_milliseconds": 15000,
            "cpu_period": null,
            "cpu_quota": null,
            "cpu_set": "",
            "cpu_shares": 0,
            "cpus": null,
            "destroy_grace_seconds": null,
            "devices": [],
            "dns": [],
            "dns_opts": [],
            "dns_search": [],
            "domainname": "",
            "entrypoint": [
              "docker-entrypoint.sh"
            ],
            "env": [
              "POSTGRES_DB=lab_db",
              "POSTGRES_PASSWORD=admin2024",
              "POSTGRES_USER=admin"
            ],
            "exit_code": null,
            "gpus": null,
            "group_add": [],
            "healthcheck": [],
            "host": [],
            "hostname": "e3eb67891669",
            "id": "e3eb6789166936f09340a1ff223365b9fd0906d5da310974efb08b2d30d2a764",
            "image": "postgres:15-alpine",
            "init": false,
            "ipc_mode": "private",
            "labels": [],
            "log_driver": "json-file",
            "log_opts": {},
            "logs": false,
            "max_retry_count": 0,
            "memory": 0,
            "memory_swap": 0,
            "mounts": [],
            "must_run": true,
            "name": "postgres-server",
            "network_data": [
              {
                "gateway": "172.19.0.1",
                "global_ipv6_address": "",
                "global_ipv6_prefix_length": 0,
                "ip_address": "172.19.0.10",
                "ip_prefix_length": 16,
                "ipv6_gateway": "",
                "mac_address": "46:21:8e:86:55:8f",
                "network_name": "lab_internal"
              }
            ],
            "network_mode": "bridge",
            "networks_advanced": [
              {
                "aliases": [],
                "ipv4_address": "",
                "ipv6_address": "",
                "name": "lab_internal"
              }
            ],
            "pid_mode": "",
            "ports": [
              {
                "external": 5432,
                "internal": 5432,
                "ip": "0.0.0.0",
                "protocol": "tcp"
              }
            ],
            "privileged": false,
            "publish_all_ports": false,
            "read_only": false,
            "remove_volumes": true,
            "restart": "always",
            "rm": false,
            "runtime": "runc",
            "security_opts": [],
            "shm_size": 64,
            "start": true,
            "stdin_open": false,
            "stop_signal": "SIGINT",
            "stop_timeout": 1,
            "storage_opts": {},
            "sysctls": {},
            "tmpfs": {},
            "tty": false,
            "ulimit": [],
            "upload": [],
            "user": "",
            "userns_mode": "",
            "volumes": [
              {
                "container_path": "/docker-entrypoint-initdb.d/init-db.sh",
                "from_container": "",
                "host_path": "C:/Users/abhir/Desktop/PROGRAMMING/Terraform/Postgres/init-db.sh",
                "read_only": false,
                "volume_name": ""
              }
            ],
            "wait": false,
            "wait_timeout": 60,
            "working_dir": "/"
          },
          "sensitive_attributes": [
            [
              {
                "type": "get_attr",
                "value": "env"
              }
            ]
          ],
          "identity_schema_version": 0,
          "private": "eyJzY2hlbWFfdmVyc2lvbiI6IjIifQ==",
          "dependencies": [
            "docker_network.lab_internal"
          ]
        }
      ]
    },
    {
      "module": "module.postgres",
      "mode": "managed",
      "type": "null_resource",
      "name": "postgres_security_notes",
      "provider": "provider[\"registry.terraform.io/hashicorp/null\"]",
      "instances": [
        {
          "schema_version": 0,
          "attributes": {
            "id": "5088838262825108449",
            "triggers": null
          },
          "sensitive_attributes": [],
          "identity_schema_version": 0
        }
      ]
    },
    {
      "module": "module.pydio",
      "mode": "managed",
      "type": "docker_container",
      "name": "pydio",
      "provider": "provider[\"registry.terraform.io/kreuzwerker/docker\"]",
      "instances": [
        {
          "schema_version": 2,
          "attributes": {
            "attach": false,
            "bridge": "",
            "capabilities": [],
            "cgroup_parent": null,
            "cgroupns_mode": null,
            "command": [
              "cells",
              "start"
            ],
            "container_logs": null,
            "container_read_refresh_timeout_milliseconds": 15000,
            "cpu_period": null,
            "cpu_quota": null,
            "cpu_set": "",
            "cpu_shares": 0,
            "cpus": null,
            "destroy_grace_seconds": null,
            "devices": [],
            "dns": [],
            "dns_opts": [],
            "dns_search": [],
            "domainname": "",
            "entrypoint": [
              "docker-entrypoint.sh"
            ],
            "env": [
              "CELLS_BIND=0.0.0.0:8080",
              "CELLS_DATABASE_DSN=postgres://admin:admin2024@postgres-server:5432/pydio?sslmode=disable",
              "CELLS_EXTERNAL=localhost:8089",
              "CELLS_NO_TLS=1"
            ],
            "exit_code": null,
            "gpus": null,
            "group_add": [],
            "healthcheck": [],
            "host": [],
            "hostname": "ab3c9271e119",
            "id": "ab3c9271e1199435193988161302739d8b60fe61aa74c882a394f24c1c122cf6",
            "image": "pydio/cells-enterprise:4.1",
            "init": false,
            "ipc_mode": "private",
            "labels": [],
            "log_driver": "json-file",
            "log_opts": {},
            "logs": false,
            "max_retry_count": 0,
            "memory": 0,
            "memory_swap": 0,
            "mounts": [],
            "must_run": true,
            "name": "pydio-cells",
            "network_data": [
              {
                "gateway": "172.19.0.1",
                "global_ipv6_address": "",
                "global_ipv6_prefix_length": 0,
                "ip_address": "172.19.0.14",
                "ip_prefix_length": 16,
                "ipv6_gateway": "",
                "mac_address": "d2:8b:fa:c8:d9:d5",
                "network_name": "lab_internal"
              }
            ],
            "network_mode": "bridge",
            "networks_advanced": [
              {
                "aliases": [],
                "ipv4_address": "",
                "ipv6_address": "",
                "name": "lab_internal"
              }
            ],
            "pid_mode": "",
            "ports": [
              {
                "external": 8089,
                "internal": 8080,
                "ip": "0.0.0.0",
                "protocol": "tcp"
              }
            ],
            "privileged": false,
            "publish_all_ports": false,
            "read_only": false,
            "remove_volumes": true,
            "restart": "always",
            "rm": false,
            "runtime": "runc",
            "security_opts": [],
            "shm_size": 64,
            "start": true,
            "stdin_open": false,
            "stop_signal": "",
            "stop_timeout": 1,
            "storage_opts": {},
            "sysctls": {},
            "tmpfs": {},
            "tty": false,
            "ulimit": [],
            "upload": [],
            "user": "",
            "userns_mode": "",
            "volumes": [],
            "wait": false,
            "wait_timeout": 60,
            "working_dir": "/var/cells"
          },
          "sensitive_attributes": [
            [
              {
                "type": "get_attr",
                "value": "env"
              }
            ]
          ],
          "identity_schema_version": 0,
          "private": "eyJzY2hlbWFfdmVyc2lvbiI6IjIifQ==",
          "dependencies": [
            "docker_network.lab_internal",
            "module.postgres.docker_container.postgres_db",
            "module.postgres.null_resource.postgres_security_notes"
          ]
        }
      ]
    },
    {
      "module": "module.pydio",
      "mode": "managed",
      "type": "null_resource",
      "name": "xss_documentation",
      "provider": "provider[\"registry.terraform.io/hashicorp/null\"]",
      "instances": [
        {
          "schema_version": 0,
          "attributes": {
            "id": "391811206515418592",
            "triggers": null
          },
          "sensitive_attributes": [],
          "identity_schema_version": 0,
          "dependencies": [
            "docker_network.lab_internal",
            "module.postgres.docker_container.postgres_db",
            "module.postgres.null_resource.postgres_security_notes"
          ]
        }
      ]
    },
    {
      "module": "module.seafile",
      "mode": "managed",
      "type": "docker_container",
      "name": "seafile",
      "provider": "provider[\"registry.terraform.io/kreuzwerker/docker\"]",
      "instances": [
        {
          "schema_version": 2,
          "attributes": {
            "attach": false,
            "bridge": "",
            "capabilities": [],
            "cgroup_parent": null,
            "cgroupns_mode": null,
            "command": [
              "/seafile/start.sh"
            ],
            "container_logs": null,
            "container_read_refresh_timeout_milliseconds": 15000,
            "cpu_period": null,
            "cpu_quota": null,
            "cpu_set": "",
            "cpu_shares": 0,
            "cpus": null,
            "destroy_grace_seconds": null,
            "devices": [],
            "dns": null,
            "dns_opts": null,
            "dns_search": null,
            "domainname": "",
            "entrypoint": [],
            "env": [
              "DB_HOST=postgres-server",
              "DB_NAME=seafile",
              "DB_PASSWORD=admin2024",
              "DB_TYPE=pgsql",
              "DB_USER=admin",
              "SEAFILE_ADMIN_EMAIL=admin@seafile.local",
              "SEAFILE_ADMIN_PASSWORD=admin",
              "SEAFILE_SERVER_HOSTNAME=seafile.local"
            ],
            "exit_code": null,
            "gpus": null,
            "group_add": null,
            "healthcheck": null,
            "host": [],
            "hostname": "bf157a22282d",
            "id": "bf157a22282dfb148d8be05b1f2964698dafecbd03564aeb2643f9c19b196aab",
            "image": "seafile-local:3.1.4",
            "init": false,
            "ipc_mode": "private",
            "labels": [],
            "log_driver": "json-file",
            "log_opts": null,
            "logs": false,
            "max_retry_count": 0,
            "memory": 0,
            "memory_swap": 0,
            "mounts": [],
            "must_run": true,
            "name": "seafile-server",
            "network_data": [
              {
                "gateway": "172.19.0.1",
                "global_ipv6_address": "",
                "global_ipv6_prefix_length": 0,
                "ip_address": "172.19.0.21",
                "ip_prefix_length": 16,
                "ipv6_gateway": "",
                "mac_address": "c6:b5:4b:70:ea:68",
                "network_name": "lab_internal"
              }
            ],
            "network_mode": "bridge",
            "networks_advanced": [
              {
                "aliases": [],
                "ipv4_address": "",
                "ipv6_address": "",
                "name": "lab_internal"
              }
            ],
            "pid_mode": "",
            "ports": [
              {
                "external": 8000,
                "internal": 8000,
                "ip": "0.0.0.0",
                "protocol": "tcp"
              },
              {
                "external": 10001,
                "internal": 10001,
                "ip": "0.0.0.0",
                "protocol": "tcp"
              }
            ],
            "privileged": false,
            "publish_all_ports": false,
            "read_only": false,
            "remove_volumes": true,
            "restart": "always",
            "rm": false,
            "runtime": "runc",
            "security_opts": [],
            "shm_size": 64,
            "start": true,
            "stdin_open": false,
            "stop_signal": "",
            "stop_timeout": 1,
            "storage_opts": null,
            "sysctls": null,
            "tmpfs": null,
            "tty": false,
            "ulimit": [],
            "upload": [],
            "user": "",
            "userns_mode": "",
            "volumes": [],
            "wait": false,
            "wait_timeout": 60,
            "working_dir": "/seafile"
          },
          "sensitive_attributes": [
            [
              {
                "type": "get_attr",
                "value": "env"
              }
            ]
          ],
          "identity_schema_version": 0,
          "private": "eyJzY2hlbWFfdmVyc2lvbiI6IjIifQ==",
          "dependencies": [
            "docker_network.lab_internal",
            "module.postgres.docker_container.postgres_db",
            "module.postgres.null_resource.postgres_security_notes"
          ]
        }
      ]
    },
    {
      "module": "module.seafile",
      "mode": "managed",
      "type": "null_resource",
      "name": "dos_documentation",
      "provider": "provider[\"registry.terraform.io/hashicorp/null\"]",
      "instances": [
        {
          "schema_version": 0,
          "attributes": {
            "id": "3148808795568130050",
            "triggers": null
          },
          "sensitive_attributes": [],
          "identity_schema_version": 0,
          "dependencies": [
            "docker_network.lab_internal",
            "module.postgres.docker_container.postgres_db",
            "module.postgres.null_resource.postgres_security_notes"
          ]
        }
      ]
    },
    {
      "module": "module.zenphoto",
      "mode": "managed",
      "type": "docker_container",
      "name": "zenphoto",
      "provider": "provider[\"registry.terraform.io/kreuzwerker/docker\"]",
      "instances": [
        {
          "schema_version": 2,
          "attributes": {
            "attach": false,
            "bridge": "",
            "capabilities": [],
            "cgroup_parent": null,
            "cgroupns_mode": null,
            "command": [
              "apache2-foreground"
            ],
            "container_logs": null,
            "container_read_refresh_timeout_milliseconds": 15000,
            "cpu_period": null,
            "cpu_quota": null,
            "cpu_set": "",
            "cpu_shares": 0,
            "cpus": null,
            "destroy_grace_seconds": null,
            "devices": [],
            "dns": [],
            "dns_opts": [],
            "dns_search": [],
            "domainname": "",
            "entrypoint": [
              "docker-php-entrypoint"
            ],
            "env": [
              "ZP_DB_HOST=postgres-server",
              "ZP_DB_NAME=zenphoto",
              "ZP_DB_PASS=admin2024",
              "ZP_DB_TYPE=postgresql",
              "ZP_DB_USER=admin"
            ],
            "exit_code": null,
            "gpus": null,
            "group_add": [],
            "healthcheck": [],
            "host": [],
            "hostname": "07606e8fa955",
            "id": "07606e8fa95565fb03a223c9201a23f737fafbf8f82bb88f1ddf7fddbfa6b0a3",
            "image": "zenphoto-local:1.4.3.3",
            "init": false,
            "ipc_mode": "private",
            "labels": [],
            "log_driver": "json-file",
            "log_opts": {},
            "logs": false,
            "max_retry_count": 0,
            "memory": 0,
            "memory_swap": 0,
            "mounts": [],
            "must_run": true,
            "name": "zenphoto-gallery",
            "network_data": [
              {
                "gateway": "172.19.0.1",
                "global_ipv6_address": "",
                "global_ipv6_prefix_length": 0,
                "ip_address": "172.19.0.11",
                "ip_prefix_length": 16,
                "ipv6_gateway": "",
                "mac_address": "a6:b7:fd:87:33:58",
                "network_name": "lab_internal"
              }
            ],
            "network_mode": "bridge",
            "networks_advanced": [
              {
                "aliases": [],
                "ipv4_address": "",
                "ipv6_address": "",
                "name": "lab_internal"
              }
            ],
            "pid_mode": "",
            "ports": [
              {
                "external": 8085,
                "internal": 80,
                "ip": "0.0.0.0",
                "protocol": "tcp"
              }
            ],
            "privileged": false,
            "publish_all_ports": false,
            "read_only": false,
            "remove_volumes": true,
            "restart": "always",
            "rm": false,
            "runtime": "runc",
            "security_opts": [],
            "shm_size": 64,
            "start": true,
            "stdin_open": false,
            "stop_signal": "",
            "stop_timeout": 1,
            "storage_opts": {},
            "sysctls": {},
            "tmpfs": {},
            "tty": false,
            "ulimit": [],
            "upload": [],
            "user": "",
            "userns_mode": "",
            "volumes": [],
            "wait": false,
            "wait_timeout": 60,
            "working_dir": "/var/www/html"
          },
          "sensitive_attributes": [
            [
              {
                "type": "get_attr",
                "value": "env"
              }
            ]
          ],
          "identity_schema_version": 0,
          "private": "eyJzY2hlbWFfdmVyc2lvbiI6IjIifQ==",
          "dependencies": [
            "docker_network.lab_internal",
            "module.postgres.docker_container.postgres_db",
            "module.postgres.null_resource.postgres_security_notes"
          ]
        }
      ]
    },
    {
      "module": "module.zenphoto",
      "mode": "managed",
      "type": "null_resource",
      "name": "sql_injection_documentation",
      "provider": "provider[\"registry.terraform.io/hashicorp/null\"]",
      "instances": [
        {
          "schema_version": 0,
          "attributes": {
            "id": "4971805034091411115",
            "triggers": null
          },
          "sensitive_attributes": [],
          "identity_schema_version": 0,
          "dependencies": [
            "docker_network.lab_internal",
            "module.postgres.docker_container.postgres_db",
            "module.postgres.null_resource.postgres_security_notes"
          ]
        }
      ]
    }
  ],
  "check_results": null
}
